
Microsoft Visual Studio Solution File, Format Version 12.00
# Visual Studio Version 16
VisualStudioVersion = 16.0.810.18
MinimumVisualStudioVersion = 10.0.40219.1
Project("{FAE04EC0-301F-11D3-BF4B-00C04F79EFBC}") = "SantiagoSarabia-1", "SantiagoSarabia-1\SantiagoSarabia-1.csproj", "{CB539689-033A-4967-8F5E-FB7DF6EBE813}"
EndProject
Global
	GlobalSection(SolutionConfigurationPlatforms) = preSolution
		Debug|anycpu = Debug|anycpu
		Release|anycpu = Release|anycpu
	EndGlobalSection
	GlobalSection(ProjectConfigurationPlatforms) = postSolution
		{CB539689-033A-4967-8F5E-FB7DF6EBE813}.Debug|anycpu.ActiveCfg = Debug|anycpu
		{CB539689-033A-4967-8F5E-FB7DF6EBE813}.Debug|anycpu.Build.0 = Debug|anycpu
		{CB539689-033A-4967-8F5E-FB7DF6EBE813}.Release|anycpu.ActiveCfg = Release|anycpu
		{CB539689-033A-4967-8F5E-FB7DF6EBE813}.Release|anycpu.Build.0 = Release|anycpu
	EndGlobalSection
	GlobalSection(SolutionProperties) = preSolution
		HideSolutionNode = FALSE
	EndGlobalSection
	GlobalSection(ExtensibilityGlobals) = postSolution
		SolutionGuid = {99325A43-CBBD-46AF-A097-E7D897626407}
	EndGlobalSection
EndGlobal
